lockfileVersion: '9.0'

settings:
  autoInstallPeers: true
  excludeLinksFromLockfile: false

importers:

  .:
    dependencies:
      argon2:
        specifier: ^0.44.0
        version: 0.44.0
      bootstrap:
        specifier: ^5.3.8
        version: 5.3.8(@popperjs/core@2.11.8)
      ldapjs:
        specifier: ^3.0.7
        version: 3.0.7
    devDependencies:
      '@types/ldapjs':
        specifier: ^3.0.6
        version: 3.0.6

packages:

  '@epic-web/invariant@1.0.0':
    resolution: {integrity: sha512-lrTPqgvfFQtR/eY/qkIzp98OGdNJu0m5ji3q/nJI8v3SXkRKEnWiOxMmbvcSoAIzv/cGiuvRy57k4suKQSAdwA==}

  '@ldapjs/asn1@1.2.0':
    resolution: {integrity: sha512-KX/qQJ2xxzvO2/WOvr1UdQ+8P5dVvuOLk/C9b1bIkXxZss8BaR28njXdPgFCpj5aHaf1t8PmuVnea+N9YG9YMw==}
    deprecated: This package has been decomissioned. See https://github.com/ldapjs/node-ldapjs/blob/8ffd0bc9c149088a10ec4c1ec6a18450f76ad05d/README.md

  '@ldapjs/asn1@2.0.0':
    resolution: {integrity: sha512-G9+DkEOirNgdPmD0I8nu57ygQJKOOgFEMKknEuQvIHbGLwP3ny1mY+OTUYLCbCaGJP4sox5eYgBJRuSUpnAddA==}
    deprecated: This package has been decomissioned. See https://github.com/ldapjs/node-ldapjs/blob/8ffd0bc9c149088a10ec4c1ec6a18450f76ad05d/README.md

  '@ldapjs/attribute@1.0.0':
    resolution: {integrity: sha512-ptMl2d/5xJ0q+RgmnqOi3Zgwk/TMJYG7dYMC0Keko+yZU6n+oFM59MjQOUht5pxJeS4FWrImhu/LebX24vJNRQ==}
    deprecated: This package has been decomissioned. See https://github.com/ldapjs/node-ldapjs/blob/8ffd0bc9c149088a10ec4c1ec6a18450f76ad05d/README.md

  '@ldapjs/change@1.0.0':
    resolution: {integrity: sha512-EOQNFH1RIku3M1s0OAJOzGfAohuFYXFY4s73wOhRm4KFGhmQQ7MChOh2YtYu9Kwgvuq1B0xKciXVzHCGkB5V+Q==}
    deprecated: This package has been decomissioned. See https://github.com/ldapjs/node-ldapjs/blob/8ffd0bc9c149088a10ec4c1ec6a18450f76ad05d/README.md

  '@ldapjs/controls@2.1.0':
    resolution: {integrity: sha512-2pFdD1yRC9V9hXfAWvCCO2RRWK9OdIEcJIos/9cCVP9O4k72BY1bLDQQ4KpUoJnl4y/JoD4iFgM+YWT3IfITWw==}
    deprecated: This package has been decomissioned. See https://github.com/ldapjs/node-ldapjs/blob/8ffd0bc9c149088a10ec4c1ec6a18450f76ad05d/README.md

  '@ldapjs/dn@1.1.0':
    resolution: {integrity: sha512-R72zH5ZeBj/Fujf/yBu78YzpJjJXG46YHFo5E4W1EqfNpo1UsVPqdLrRMXeKIsJT3x9dJVIfR6OpzgINlKpi0A==}
    deprecated: This package has been decomissioned. See https://github.com/ldapjs/node-ldapjs/blob/8ffd0bc9c149088a10ec4c1ec6a18450f76ad05d/README.md

  '@ldapjs/filter@2.1.1':
    resolution: {integrity: sha512-TwPK5eEgNdUO1ABPBUQabcZ+h9heDORE4V9WNZqCtYLKc06+6+UAJ3IAbr0L0bYTnkkWC/JEQD2F+zAFsuikNw==}
    deprecated: This package has been decomissioned. See https://github.com/ldapjs/node-ldapjs/blob/8ffd0bc9c149088a10ec4c1ec6a18450f76ad05d/README.md

  '@ldapjs/messages@1.3.0':
    resolution: {integrity: sha512-K7xZpXJ21bj92jS35wtRbdcNrwmxAtPwy4myeh9duy/eR3xQKvikVycbdWVzkYEAVE5Ce520VXNOwCHjomjCZw==}
    deprecated: This package has been decomissioned. See https://github.com/ldapjs/node-ldapjs/blob/8ffd0bc9c149088a10ec4c1ec6a18450f76ad05d/README.md

  '@ldapjs/protocol@1.2.1':
    resolution: {integrity: sha512-O89xFDLW2gBoZWNXuXpBSM32/KealKCTb3JGtJdtUQc7RjAk8XzrRgyz02cPAwGKwKPxy0ivuC7UP9bmN87egQ==}
    deprecated: This package has been decomissioned. See https://github.com/ldapjs/node-ldapjs/blob/8ffd0bc9c149088a10ec4c1ec6a18450f76ad05d/README.md

  '@phc/format@1.0.0':
    resolution: {integrity: sha512-m7X9U6BG2+J+R1lSOdCiITLLrxm+cWlNI3HUFA92oLO77ObGNzaKdh8pMLqdZcshtkKuV84olNNXDfMc4FezBQ==}
    engines: {node: '>=10'}

  '@popperjs/core@2.11.8':
    resolution: {integrity: sha512-P1st0aksCrn9sGZhp8GMYwBnQsbvAWsZAX44oXNNvLHGqAOcoVxmjZiohstwQ7SqKnbR47akdNi+uleWD8+g6A==}

  '@types/ldapjs@3.0.6':
    resolution: {integrity: sha512-E2Tn1ltJDYBsidOT9QG4engaQeQzRQ9aYNxVmjCkD33F7cIeLPgrRDXAYs0O35mK2YDU20c/+ZkNjeAPRGLM0Q==}

  '@types/node@25.0.8':
    resolution: {integrity: sha512-powIePYMmC3ibL0UJ2i2s0WIbq6cg6UyVFQxSCpaPxxzAaziRfimGivjdF943sSGV6RADVbk0Nvlm5P/FB44Zg==}

  abstract-logging@2.0.1:
    resolution: {integrity: sha512-2BjRTZxTPvheOvGbBslFSYOUkr+SjPtOnrLP33f+VIWLzezQpZcqVg7ja3L4dBXmzzgwT+a029jRx5PCi3JuiA==}

  argon2@0.44.0:
    resolution: {integrity: sha512-zHPGN3S55sihSQo0dBbK0A5qpi2R31z7HZDZnry3ifOyj8bZZnpZND2gpmhnRGO1V/d555RwBqIK5W4Mrmv3ig==}
    engines: {node: '>=16.17.0'}

  assert-plus@1.0.0:
    resolution: {integrity: sha512-NfJ4UzBCcQGLDlQq7nHxH+tv3kyZ0hHQqF5BO6J7tNJeP5do1llPr8dZ8zHonfhAu0PHAdMkSo+8o0wxg9lZWw==}
    engines: {node: '>=0.8'}

  backoff@2.5.0:
    resolution: {integrity: sha512-wC5ihrnUXmR2douXmXLCe5O3zg3GKIyvRi/hi58a/XyRxVI+3/yM0PYueQOZXPXQ9pxBislYkw+sF9b7C/RuMA==}
    engines: {node: '>= 0.6'}

  bootstrap@5.3.8:
    resolution: {integrity: sha512-HP1SZDqaLDPwsNiqRqi5NcP0SSXciX2s9E+RyqJIIqGo+vJeN5AJVM98CXmW/Wux0nQ5L7jeWUdplCEf0Ee+tg==}
    peerDependencies:
      '@popperjs/core': ^2.11.8

  core-util-is@1.0.2:
    resolution: {integrity: sha512-3lqz5YjWTYnW6dlDa5TLaTCcShfar1e40rmcJVwCBJC6mWlFuj0eCHIElmG1g5kyuJ/GD+8Wn4FFCcz4gJPfaQ==}

  cross-env@10.1.0:
    resolution: {integrity: sha512-GsYosgnACZTADcmEyJctkJIoqAhHjttw7RsFrVoJNXbsWWqaq6Ym+7kZjq6mS45O0jij6vtiReppKQEtqWy6Dw==}
    engines: {node: '>=20'}
    hasBin: true

  cross-spawn@7.0.6:
    resolution: {integrity: sha512-uV2QOWP2nWzsy2aMp8aRibhi9dlzF5Hgh5SHaB9OiTGEyDTiJJyx0uy51QXdyWbtAHNua4XJzUKca3OzKUd3vA==}
    engines: {node: '>= 8'}

  extsprintf@1.4.1:
    resolution: {integrity: sha512-Wrk35e8ydCKDj/ArClo1VrPVmN8zph5V4AtHwIuHhvMXsKf73UT3BOD+azBIW+3wOJ4FhEH7zyaJCFvChjYvMA==}
    engines: {'0': node >=0.6.0}

  isexe@2.0.0:
    resolution: {integrity: sha512-RHxMLp9lnKHGHRng9QFhRCMbYAcVpn69smSGcq3f36xjgVVWThj4qqLbTLlq7Ssj8B+fIQ1EuCEGI2lKsyQeIw==}

  ldapjs@3.0.7:
    resolution: {integrity: sha512-1ky+WrN+4CFMuoekUOv7Y1037XWdjKpu0xAPwSP+9KdvmV9PG+qOKlssDV6a+U32apwxdD3is/BZcWOYzN30cg==}
    deprecated: This package has been decomissioned. See https://github.com/ldapjs/node-ldapjs/blob/8ffd0bc9c149088a10ec4c1ec6a18450f76ad05d/README.md

  node-addon-api@8.5.0:
    resolution: {integrity: sha512-/bRZty2mXUIFY/xU5HLvveNHlswNJej+RnxBjOMkidWfwZzgTbPG1E3K5TOxRLOR+5hX7bSofy8yf1hZevMS8A==}
    engines: {node: ^18 || ^20 || >= 21}

  node-gyp-build@4.8.4:
    resolution: {integrity: sha512-LA4ZjwlnUblHVgq0oBF3Jl/6h/Nvs5fzBLwdEF4nuxnFdsfajde4WfxtJr3CaiH+F6ewcIB/q4jQ4UzPyid+CQ==}
    hasBin: true

  once@1.4.0:
    resolution: {integrity: sha512-lNaJgI+2Q5URQBkccEKHTQOPaXdUxnZZElQTZY0MFUAuaEqe1E+Nyvgdz/aIyNi6Z9MzO5dv1H8n58/GELp3+w==}

  path-key@3.1.1:
    resolution: {integrity: sha512-ojmeN0qd+y0jszEtoY48r0Peq5dwMEkIlCOu6Q5f41lfkswXuKtYrhgoTpLnyIcHm24Uhqx+5Tqm2InSwLhE6Q==}
    engines: {node: '>=8'}

  precond@0.2.3:
    resolution: {integrity: sha512-QCYG84SgGyGzqJ/vlMsxeXd/pgL/I94ixdNFyh1PusWmTCyVfPJjZ1K1jvHtsbfnXQs2TSkEP2fR7QiMZAnKFQ==}
    engines: {node: '>= 0.6'}

  process-warning@2.3.2:
    resolution: {integrity: sha512-n9wh8tvBe5sFmsqlg+XQhaQLumwpqoAUruLwjCopgTmUBjJ/fjtBsJzKleCaIGBOMXYEhp1YfKl4d7rJ5ZKJGA==}

  shebang-command@2.0.0:
    resolution: {integrity: sha512-kHxr2zZpYtdmrN1qDjrrX/Z1rR1kG8Dx+gkpK1G4eXmvXswmcE1hTWBWYUzlraYw1/yZp6YuDY77YtvbN0dmDA==}
    engines: {node: '>=8'}

  shebang-regex@3.0.0:
    resolution: {integrity: sha512-7++dFhtcx3353uBaq8DDR4NuxBetBzC7ZQOhmTQInHEd6bSrXdiEyzCvG07Z44UYdLShWUyXt5M/yhz8ekcb1A==}
    engines: {node: '>=8'}

  undici-types@7.16.0:
    resolution: {integrity: sha512-Zz+aZWSj8LE6zoxD+xrjh4VfkIG8Ya6LvYkZqtUQGJPZjYl53ypCaUwWqo7eI0x66KBGeRo+mlBEkMSeSZ38Nw==}

  vasync@2.2.1:
    resolution: {integrity: sha512-Hq72JaTpcTFdWiNA4Y22Amej2GH3BFmBaKPPlDZ4/oC8HNn2ISHLkFrJU4Ds8R3jcUi7oo5Y9jcMHKjES+N9wQ==}
    engines: {'0': node >=0.6.0}

  verror@1.10.0:
    resolution: {integrity: sha512-ZZKSmDAEFOijERBLkmYfJ+vmk3w+7hOLYDNkRCuRuMJGEmqYNCNLyBBFwWKVMhfwaEF3WOd0Zlw86U/WC/+nYw==}
    engines: {'0': node >=0.6.0}

  verror@1.10.1:
    resolution: {integrity: sha512-veufcmxri4e3XSrT0xwfUR7kguIkaxBeosDg00yDWhk49wdwkSUrvvsm7nc75e1PUyvIeZj6nS8VQRYz2/S4Xg==}
    engines: {node: '>=0.6.0'}

  which@2.0.2:
    resolution: {integrity: sha512-BLI3Tl1TW3Pvl70l3yq3Y64i+awpwXqsGBYWkkqMtnbXgrMD+yj7rhW0kuEDxzJaYXGjEW5ogapKNMEKNMjibA==}
    engines: {node: '>= 8'}
    hasBin: true

  wrappy@1.0.2:
    resolution: {integrity: sha512-l4Sp/DRseor9wL6EvV2+TuQn63dMkPjZ/sp9XkghTEbV9KlPS1xUsZ3u7/IQO4wxtcFB4bgpQPRcR3QCvezPcQ==}

snapshots:

  '@epic-web/invariant@1.0.0': {}

  '@ldapjs/asn1@1.2.0': {}

  '@ldapjs/asn1@2.0.0': {}

  '@ldapjs/attribute@1.0.0':
    dependencies:
      '@ldapjs/asn1': 2.0.0
      '@ldapjs/protocol': 1.2.1
      process-warning: 2.3.2

  '@ldapjs/change@1.0.0':
    dependencies:
      '@ldapjs/asn1': 2.0.0
      '@ldapjs/attribute': 1.0.0

  '@ldapjs/controls@2.1.0':
    dependencies:
      '@ldapjs/asn1': 1.2.0
      '@ldapjs/protocol': 1.2.1

  '@ldapjs/dn@1.1.0':
    dependencies:
      '@ldapjs/asn1': 2.0.0
      process-warning: 2.3.2

  '@ldapjs/filter@2.1.1':
    dependencies:
      '@ldapjs/asn1': 2.0.0
      '@ldapjs/protocol': 1.2.1
      process-warning: 2.3.2

  '@ldapjs/messages@1.3.0':
    dependencies:
      '@ldapjs/asn1': 2.0.0
      '@ldapjs/attribute': 1.0.0
      '@ldapjs/change': 1.0.0
      '@ldapjs/controls': 2.1.0
      '@ldapjs/dn': 1.1.0
      '@ldapjs/filter': 2.1.1
      '@ldapjs/protocol': 1.2.1
      process-warning: 2.3.2

  '@ldapjs/protocol@1.2.1': {}

  '@phc/format@1.0.0': {}

  '@popperjs/core@2.11.8': {}

  '@types/ldapjs@3.0.6':
    dependencies:
      '@types/node': 25.0.8

  '@types/node@25.0.8':
    dependencies:
      undici-types: 7.16.0

  abstract-logging@2.0.1: {}

  argon2@0.44.0:
    dependencies:
      '@phc/format': 1.0.0
      cross-env: 10.1.0
      node-addon-api: 8.5.0
      node-gyp-build: 4.8.4

  assert-plus@1.0.0: {}

  backoff@2.5.0:
    dependencies:
      precond: 0.2.3

  bootstrap@5.3.8(@popperjs/core@2.11.8):
    dependencies:
      '@popperjs/core': 2.11.8

  core-util-is@1.0.2: {}

  cross-env@10.1.0:
    dependencies:
      '@epic-web/invariant': 1.0.0
      cross-spawn: 7.0.6

  cross-spawn@7.0.6:
    dependencies:
      path-key: 3.1.1
      shebang-command: 2.0.0
      which: 2.0.2

  extsprintf@1.4.1: {}

  isexe@2.0.0: {}

  ldapjs@3.0.7:
    dependencies:
      '@ldapjs/asn1': 2.0.0
      '@ldapjs/attribute': 1.0.0
      '@ldapjs/change': 1.0.0
      '@ldapjs/controls': 2.1.0
      '@ldapjs/dn': 1.1.0
      '@ldapjs/filter': 2.1.1
      '@ldapjs/messages': 1.3.0
      '@ldapjs/protocol': 1.2.1
      abstract-logging: 2.0.1
      assert-plus: 1.0.0
      backoff: 2.5.0
      once: 1.4.0
      vasync: 2.2.1
      verror: 1.10.1

  node-addon-api@8.5.0: {}

  node-gyp-build@4.8.4: {}

  once@1.4.0:
    dependencies:
      wrappy: 1.0.2

  path-key@3.1.1: {}

  precond@0.2.3: {}

  process-warning@2.3.2: {}

  shebang-command@2.0.0:
    dependencies:
      shebang-regex: 3.0.0

  shebang-regex@3.0.0: {}

  undici-types@7.16.0: {}

  vasync@2.2.1:
    dependencies:
      verror: 1.10.0

  verror@1.10.0:
    dependencies:
      assert-plus: 1.0.0
      core-util-is: 1.0.2
      extsprintf: 1.4.1

  verror@1.10.1:
    dependencies:
      assert-plus: 1.0.0
      core-util-is: 1.0.2
      extsprintf: 1.4.1

  which@2.0.2:
    dependencies:
      isexe: 2.0.0

  wrappy@1.0.2: {}
