lockfileVersion: '9.0'

settings:
  autoInstallPeers: true
  excludeLinksFromLockfile: false

importers:

  .:
    dependencies:
      bootstrap:
        specifier: ^5.3.8
        version: 5.3.8(@popperjs/core@2.11.8)
      ldapjs:
        specifier: ^3.0.7
        version: 3.0.7
    devDependencies:
      '@types/ldapjs':
        specifier: ^3.0.6
        version: 3.0.6

packages:

  '@ldapjs/asn1@1.2.0':
    resolution: {integrity: sha512-KX/qQJ2xxzvO2/WOvr1UdQ+8P5dVvuOLk/C9b1bIkXxZss8BaR28njXdPgFCpj5aHaf1t8PmuVnea+N9YG9YMw==}
    deprecated: This package has been decomissioned. See https://github.com/ldapjs/node-ldapjs/blob/8ffd0bc9c149088a10ec4c1ec6a18450f76ad05d/README.md

  '@ldapjs/asn1@2.0.0':
    resolution: {integrity: sha512-G9+DkEOirNgdPmD0I8nu57ygQJKOOgFEMKknEuQvIHbGLwP3ny1mY+OTUYLCbCaGJP4sox5eYgBJRuSUpnAddA==}
    deprecated: This package has been decomissioned. See https://github.com/ldapjs/node-ldapjs/blob/8ffd0bc9c149088a10ec4c1ec6a18450f76ad05d/README.md

  '@ldapjs/attribute@1.0.0':
    resolution: {integrity: sha512-ptMl2d/5xJ0q+RgmnqOi3Zgwk/TMJYG7dYMC0Keko+yZU6n+oFM59MjQOUht5pxJeS4FWrImhu/LebX24vJNRQ==}
    deprecated: This package has been decomissioned. See https://github.com/ldapjs/node-ldapjs/blob/8ffd0bc9c149088a10ec4c1ec6a18450f76ad05d/README.md

  '@ldapjs/change@1.0.0':
    resolution: {integrity: sha512-EOQNFH1RIku3M1s0OAJOzGfAohuFYXFY4s73wOhRm4KFGhmQQ7MChOh2YtYu9Kwgvuq1B0xKciXVzHCGkB5V+Q==}
    deprecated: This package has been decomissioned. See https://github.com/ldapjs/node-ldapjs/blob/8ffd0bc9c149088a10ec4c1ec6a18450f76ad05d/README.md

  '@ldapjs/controls@2.1.0':
    resolution: {integrity: sha512-2pFdD1yRC9V9hXfAWvCCO2RRWK9OdIEcJIos/9cCVP9O4k72BY1bLDQQ4KpUoJnl4y/JoD4iFgM+YWT3IfITWw==}
    deprecated: This package has been decomissioned. See https://github.com/ldapjs/node-ldapjs/blob/8ffd0bc9c149088a10ec4c1ec6a18450f76ad05d/README.md

  '@ldapjs/dn@1.1.0':
    resolution: {integrity: sha512-R72zH5ZeBj/Fujf/yBu78YzpJjJXG46YHFo5E4W1EqfNpo1UsVPqdLrRMXeKIsJT3x9dJVIfR6OpzgINlKpi0A==}
    deprecated: This package has been decomissioned. See https://github.com/ldapjs/node-ldapjs/blob/8ffd0bc9c149088a10ec4c1ec6a18450f76ad05d/README.md

  '@ldapjs/filter@2.1.1':
    resolution: {integrity: sha512-TwPK5eEgNdUO1ABPBUQabcZ+h9heDORE4V9WNZqCtYLKc06+6+UAJ3IAbr0L0bYTnkkWC/JEQD2F+zAFsuikNw==}
    deprecated: This package has been decomissioned. See https://github.com/ldapjs/node-ldapjs/blob/8ffd0bc9c149088a10ec4c1ec6a18450f76ad05d/README.md

  '@ldapjs/messages@1.3.0':
    resolution: {integrity: sha512-K7xZpXJ21bj92jS35wtRbdcNrwmxAtPwy4myeh9duy/eR3xQKvikVycbdWVzkYEAVE5Ce520VXNOwCHjomjCZw==}
    deprecated: This package has been decomissioned. See https://github.com/ldapjs/node-ldapjs/blob/8ffd0bc9c149088a10ec4c1ec6a18450f76ad05d/README.md

  '@ldapjs/protocol@1.2.1':
    resolution: {integrity: sha512-O89xFDLW2gBoZWNXuXpBSM32/KealKCTb3JGtJdtUQc7RjAk8XzrRgyz02cPAwGKwKPxy0ivuC7UP9bmN87egQ==}
    deprecated: This package has been decomissioned. See https://github.com/ldapjs/node-ldapjs/blob/8ffd0bc9c149088a10ec4c1ec6a18450f76ad05d/README.md

  '@popperjs/core@2.11.8':
    resolution: {integrity: sha512-P1st0aksCrn9sGZhp8GMYwBnQsbvAWsZAX44oXNNvLHGqAOcoVxmjZiohstwQ7SqKnbR47akdNi+uleWD8+g6A==}

  '@types/ldapjs@3.0.6':
    resolution: {integrity: sha512-E2Tn1ltJDYBsidOT9QG4engaQeQzRQ9aYNxVmjCkD33F7cIeLPgrRDXAYs0O35mK2YDU20c/+ZkNjeAPRGLM0Q==}

  '@types/node@25.0.8':
    resolution: {integrity: sha512-powIePYMmC3ibL0UJ2i2s0WIbq6cg6UyVFQxSCpaPxxzAaziRfimGivjdF943sSGV6RADVbk0Nvlm5P/FB44Zg==}

  abstract-logging@2.0.1:
    resolution: {integrity: sha512-2BjRTZxTPvheOvGbBslFSYOUkr+SjPtOnrLP33f+VIWLzezQpZcqVg7ja3L4dBXmzzgwT+a029jRx5PCi3JuiA==}

  assert-plus@1.0.0:
    resolution: {integrity: sha512-NfJ4UzBCcQGLDlQq7nHxH+tv3kyZ0hHQqF5BO6J7tNJeP5do1llPr8dZ8zHonfhAu0PHAdMkSo+8o0wxg9lZWw==}
    engines: {node: '>=0.8'}

  backoff@2.5.0:
    resolution: {integrity: sha512-wC5ihrnUXmR2douXmXLCe5O3zg3GKIyvRi/hi58a/XyRxVI+3/yM0PYueQOZXPXQ9pxBislYkw+sF9b7C/RuMA==}
    engines: {node: '>= 0.6'}

  bootstrap@5.3.8:
    resolution: {integrity: sha512-HP1SZDqaLDPwsNiqRqi5NcP0SSXciX2s9E+RyqJIIqGo+vJeN5AJVM98CXmW/Wux0nQ5L7jeWUdplCEf0Ee+tg==}
    peerDependencies:
      '@popperjs/core': ^2.11.8

  core-util-is@1.0.2:
    resolution: {integrity: sha512-3lqz5YjWTYnW6dlDa5TLaTCcShfar1e40rmcJVwCBJC6mWlFuj0eCHIElmG1g5kyuJ/GD+8Wn4FFCcz4gJPfaQ==}

  extsprintf@1.4.1:
    resolution: {integrity: sha512-Wrk35e8ydCKDj/ArClo1VrPVmN8zph5V4AtHwIuHhvMXsKf73UT3BOD+azBIW+3wOJ4FhEH7zyaJCFvChjYvMA==}
    engines: {'0': node >=0.6.0}

  ldapjs@3.0.7:
    resolution: {integrity: sha512-1ky+WrN+4CFMuoekUOv7Y1037XWdjKpu0xAPwSP+9KdvmV9PG+qOKlssDV6a+U32apwxdD3is/BZcWOYzN30cg==}
    deprecated: This package has been decomissioned. See https://github.com/ldapjs/node-ldapjs/blob/8ffd0bc9c149088a10ec4c1ec6a18450f76ad05d/README.md

  once@1.4.0:
    resolution: {integrity: sha512-lNaJgI+2Q5URQBkccEKHTQOPaXdUxnZZElQTZY0MFUAuaEqe1E+Nyvgdz/aIyNi6Z9MzO5dv1H8n58/GELp3+w==}

  precond@0.2.3:
    resolution: {integrity: sha512-QCYG84SgGyGzqJ/vlMsxeXd/pgL/I94ixdNFyh1PusWmTCyVfPJjZ1K1jvHtsbfnXQs2TSkEP2fR7QiMZAnKFQ==}
    engines: {node: '>= 0.6'}

  process-warning@2.3.2:
    resolution: {integrity: sha512-n9wh8tvBe5sFmsqlg+XQhaQLumwpqoAUruLwjCopgTmUBjJ/fjtBsJzKleCaIGBOMXYEhp1YfKl4d7rJ5ZKJGA==}

  undici-types@7.16.0:
    resolution: {integrity: sha512-Zz+aZWSj8LE6zoxD+xrjh4VfkIG8Ya6LvYkZqtUQGJPZjYl53ypCaUwWqo7eI0x66KBGeRo+mlBEkMSeSZ38Nw==}

  vasync@2.2.1:
    resolution: {integrity: sha512-Hq72JaTpcTFdWiNA4Y22Amej2GH3BFmBaKPPlDZ4/oC8HNn2ISHLkFrJU4Ds8R3jcUi7oo5Y9jcMHKjES+N9wQ==}
    engines: {'0': node >=0.6.0}

  verror@1.10.0:
    resolution: {integrity: sha512-ZZKSmDAEFOijERBLkmYfJ+vmk3w+7hOLYDNkRCuRuMJGEmqYNCNLyBBFwWKVMhfwaEF3WOd0Zlw86U/WC/+nYw==}
    engines: {'0': node >=0.6.0}

  verror@1.10.1:
    resolution: {integrity: sha512-veufcmxri4e3XSrT0xwfUR7kguIkaxBeosDg00yDWhk49wdwkSUrvvsm7nc75e1PUyvIeZj6nS8VQRYz2/S4Xg==}
    engines: {node: '>=0.6.0'}

  wrappy@1.0.2:
    resolution: {integrity: sha512-l4Sp/DRseor9wL6EvV2+TuQn63dMkPjZ/sp9XkghTEbV9KlPS1xUsZ3u7/IQO4wxtcFB4bgpQPRcR3QCvezPcQ==}

snapshots:

  '@ldapjs/asn1@1.2.0': {}

  '@ldapjs/asn1@2.0.0': {}

  '@ldapjs/attribute@1.0.0':
    dependencies:
      '@ldapjs/asn1': 2.0.0
      '@ldapjs/protocol': 1.2.1
      process-warning: 2.3.2

  '@ldapjs/change@1.0.0':
    dependencies:
      '@ldapjs/asn1': 2.0.0
      '@ldapjs/attribute': 1.0.0

  '@ldapjs/controls@2.1.0':
    dependencies:
      '@ldapjs/asn1': 1.2.0
      '@ldapjs/protocol': 1.2.1

  '@ldapjs/dn@1.1.0':
    dependencies:
      '@ldapjs/asn1': 2.0.0
      process-warning: 2.3.2

  '@ldapjs/filter@2.1.1':
    dependencies:
      '@ldapjs/asn1': 2.0.0
      '@ldapjs/protocol': 1.2.1
      process-warning: 2.3.2

  '@ldapjs/messages@1.3.0':
    dependencies:
      '@ldapjs/asn1': 2.0.0
      '@ldapjs/attribute': 1.0.0
      '@ldapjs/change': 1.0.0
      '@ldapjs/controls': 2.1.0
      '@ldapjs/dn': 1.1.0
      '@ldapjs/filter': 2.1.1
      '@ldapjs/protocol': 1.2.1
      process-warning: 2.3.2

  '@ldapjs/protocol@1.2.1': {}

  '@popperjs/core@2.11.8': {}

  '@types/ldapjs@3.0.6':
    dependencies:
      '@types/node': 25.0.8

  '@types/node@25.0.8':
    dependencies:
      undici-types: 7.16.0

  abstract-logging@2.0.1: {}

  assert-plus@1.0.0: {}

  backoff@2.5.0:
    dependencies:
      precond: 0.2.3

  bootstrap@5.3.8(@popperjs/core@2.11.8):
    dependencies:
      '@popperjs/core': 2.11.8

  core-util-is@1.0.2: {}

  extsprintf@1.4.1: {}

  ldapjs@3.0.7:
    dependencies:
      '@ldapjs/asn1': 2.0.0
      '@ldapjs/attribute': 1.0.0
      '@ldapjs/change': 1.0.0
      '@ldapjs/controls': 2.1.0
      '@ldapjs/dn': 1.1.0
      '@ldapjs/filter': 2.1.1
      '@ldapjs/messages': 1.3.0
      '@ldapjs/protocol': 1.2.1
      abstract-logging: 2.0.1
      assert-plus: 1.0.0
      backoff: 2.5.0
      once: 1.4.0
      vasync: 2.2.1
      verror: 1.10.1

  once@1.4.0:
    dependencies:
      wrappy: 1.0.2

  precond@0.2.3: {}

  process-warning@2.3.2: {}

  undici-types@7.16.0: {}

  vasync@2.2.1:
    dependencies:
      verror: 1.10.0

  verror@1.10.0:
    dependencies:
      assert-plus: 1.0.0
      core-util-is: 1.0.2
      extsprintf: 1.4.1

  verror@1.10.1:
    dependencies:
      assert-plus: 1.0.0
      core-util-is: 1.0.2
      extsprintf: 1.4.1

  wrappy@1.0.2: {}
